
Microsoft Visual Studio Solution File, Format Version 12.00
# Visual Studio Version 16
VisualStudioVersion = 16.0.30517.126
MinimumVisualStudioVersion = 10.0.40219.1
Project("{8BC9CEB8-8B4A-11D0-8D11-00A0C91BC942}") = "CircusSimulation", "CircusSimulation\CircusSimulation.vcxproj", "{45E66136-62A0-4E51-B31C-BFB9918AD53B}"
EndProject
Project("{8BC9CEB8-8B4A-11D0-8D11-00A0C91BC942}") = "CircusSimulationBoostTest", "CircusSimulationBoostTest\CircusSimulationBoostTest.vcxproj", "{86D2496A-7298-4A5F-8A2F-4CFD2A3CFD52}"
EndProject
Global
	GlobalSection(SolutionConfigurationPlatforms) = preSolution
		Debug|x64 = Debug|x64
		Debug|x86 = Debug|x86
		Release|x64 = Release|x64
		Release|x86 = Release|x86
	EndGlobalSection
	GlobalSection(ProjectConfigurationPlatforms) = postSolution
		{45E66136-62A0-4E51-B31C-BFB9918AD53B}.Debug|x64.ActiveCfg = Debug|x64
		{45E66136-62A0-4E51-B31C-BFB9918AD53B}.Debug|x64.Build.0 = Debug|x64
		{45E66136-62A0-4E51-B31C-BFB9918AD53B}.Debug|x86.ActiveCfg = Debug|Win32
		{45E66136-62A0-4E51-B31C-BFB9918AD53B}.Debug|x86.Build.0 = Debug|Win32
		{45E66136-62A0-4E51-B31C-BFB9918AD53B}.Release|x64.ActiveCfg = Release|x64
		{45E66136-62A0-4E51-B31C-BFB9918AD53B}.Release|x64.Build.0 = Release|x64
		{45E66136-62A0-4E51-B31C-BFB9918AD53B}.Release|x86.ActiveCfg = Release|Win32
		{45E66136-62A0-4E51-B31C-BFB9918AD53B}.Release|x86.Build.0 = Release|Win32
		{86D2496A-7298-4A5F-8A2F-4CFD2A3CFD52}.Debug|x64.ActiveCfg = Debug|x64
		{86D2496A-7298-4A5F-8A2F-4CFD2A3CFD52}.Debug|x64.Build.0 = Debug|x64
		{86D2496A-7298-4A5F-8A2F-4CFD2A3CFD52}.Debug|x86.ActiveCfg = Debug|Win32
		{86D2496A-7298-4A5F-8A2F-4CFD2A3CFD52}.Debug|x86.Build.0 = Debug|Win32
		{86D2496A-7298-4A5F-8A2F-4CFD2A3CFD52}.Release|x64.ActiveCfg = Release|x64
		{86D2496A-7298-4A5F-8A2F-4CFD2A3CFD52}.Release|x64.Build.0 = Release|x64
		{86D2496A-7298-4A5F-8A2F-4CFD2A3CFD52}.Release|x86.ActiveCfg = Release|Win32
		{86D2496A-7298-4A5F-8A2F-4CFD2A3CFD52}.Release|x86.Build.0 = Release|Win32
	EndGlobalSection
	GlobalSection(SolutionProperties) = preSolution
		HideSolutionNode = FALSE
	EndGlobalSection
	GlobalSection(ExtensibilityGlobals) = postSolution
		SolutionGuid = {C8719FEA-D70C-4B72-8BEC-11D8DB2B32C3}
	EndGlobalSection
EndGlobal
