<?xml version="1.0" encoding="utf-8"?>
<Project ToolsVersion="4.0" xmlns="http://schemas.microsoft.com/developer/msbuild/2003">
  <ItemGroup>
    <Filter Include="Source Files">
      <UniqueIdentifier>{4FC737F1-C7A5-4376-A066-2A32D752A2FF}</UniqueIdentifier>
      <Extensions>cpp;c;cc;cxx;def;odl;idl;hpj;bat;asm;asmx</Extensions>
    </Filter>
    <Filter Include="Header Files">
      <UniqueIdentifier>{93995380-89BD-4b04-88EB-625FBE52EBFB}</UniqueIdentifier>
      <Extensions>h;hh;hpp;hxx;hm;inl;inc;xsd</Extensions>
    </Filter>
    <Filter Include="Resource Files">
      <UniqueIdentifier>{67DA6AB6-F800-4c08-8B7A-83BB121AAD01}</UniqueIdentifier>
      <Extensions>rc;ico;cur;bmp;dlg;rc2;rct;bin;rgs;gif;jpg;jpeg;jpe;resx;tiff;tif;png;wav;mfcribbon-ms</Extensions>
    </Filter>
    <Filter Include="Header Files\wxWidgets elements">
      <UniqueIdentifier>{9ba640c7-4b68-4b67-86ff-1e6d555b5596}</UniqueIdentifier>
    </Filter>
    <Filter Include="Source Files\wxWidgets elements">
      <UniqueIdentifier>{60d2938e-2491-49c6-9621-4fd7de527b19}</UniqueIdentifier>
    </Filter>
    <Filter Include="Header Files\wxWidgets elements\wxWidgets main elements">
      <UniqueIdentifier>{2a58443e-f062-42eb-88bc-6006761f0a71}</UniqueIdentifier>
    </Filter>
    <Filter Include="Header Files\wxWidgets elements\Custom windows">
      <UniqueIdentifier>{518b4575-bc2c-46c1-925c-8cf1b5f06012}</UniqueIdentifier>
    </Filter>
    <Filter Include="Header Files\wxWidgets elements\Display processing">
      <UniqueIdentifier>{2d05c6e3-578f-4c3b-a466-271e001384f6}</UniqueIdentifier>
    </Filter>
    <Filter Include="Source Files\wxWidgets elements\Custom windows">
      <UniqueIdentifier>{04d9b339-58b2-474c-913a-c53ff9cdef1d}</UniqueIdentifier>
    </Filter>
    <Filter Include="Source Files\wxWidgets elements\Display processing">
      <UniqueIdentifier>{91542ccd-63ce-48ab-b153-1d7b2223496f}</UniqueIdentifier>
    </Filter>
    <Filter Include="Source Files\wxWidgets elements\wxWidgets main elements">
      <UniqueIdentifier>{2afc702f-ecc3-4b4a-88b0-834b2e5babc5}</UniqueIdentifier>
    </Filter>
    <Filter Include="Header Files\Graph data processing">
      <UniqueIdentifier>{dc0cba68-403f-418b-a9eb-93642e82dec4}</UniqueIdentifier>
    </Filter>
    <Filter Include="Source Files\Graph data processing">
      <UniqueIdentifier>{e7d4cbaf-3c71-4bc1-98ba-945532180646}</UniqueIdentifier>
    </Filter>
    <Filter Include="Header Files\Pattern processing">
      <UniqueIdentifier>{a1ff2ec0-3531-4eb3-bf87-09cb86f4bff5}</UniqueIdentifier>
    </Filter>
    <Filter Include="Source Files\Pattern processing">
      <UniqueIdentifier>{11bed1f8-6f7a-42e4-a4b2-5177be7c132f}</UniqueIdentifier>
    </Filter>
    <Filter Include="Header Files\Program maintenance">
      <UniqueIdentifier>{79e4bdcc-ff9c-49e6-ae62-97d2c118299b}</UniqueIdentifier>
    </Filter>
    <Filter Include="Source Files\Program maintenance">
      <UniqueIdentifier>{b7d8c066-5df2-4a56-9c3a-0ee73033e084}</UniqueIdentifier>
    </Filter>
    <Filter Include="Header Files\Drawing">
      <UniqueIdentifier>{775435d6-237a-4814-b355-640d24d28318}</UniqueIdentifier>
    </Filter>
    <Filter Include="Source Files\Drawing">
      <UniqueIdentifier>{3098d25f-7789-4c8f-a225-2923a7ec4d03}</UniqueIdentifier>
    </Filter>
    <Filter Include="Header Files\wxWidgets elements\Unclassified">
      <UniqueIdentifier>{9fd92251-d20f-4833-beef-3e00c9e6b509}</UniqueIdentifier>
    </Filter>
    <Filter Include="Source Files\wxWidgets elements\Unclassified">
      <UniqueIdentifier>{0646e767-0199-4d51-86f4-9131efb02799}</UniqueIdentifier>
    </Filter>
    <Filter Include="Header Files\wxWidgets elements\Settings">
      <UniqueIdentifier>{a8caf5f4-2962-4cc6-8e71-676694796ea5}</UniqueIdentifier>
    </Filter>
    <Filter Include="Source Files\wxWidgets elements\Settings">
      <UniqueIdentifier>{047db81d-62e7-469a-9820-a237676c5baa}</UniqueIdentifier>
    </Filter>
    <Filter Include="Source Files\wxWidgets elements\Full Window Designs">
      <UniqueIdentifier>{64dbabb6-d550-4a24-bf14-e82fc31f5974}</UniqueIdentifier>
    </Filter>
    <Filter Include="Header Files\wxWidgets elements\Full Window Designs">
      <UniqueIdentifier>{d5175394-2c02-4d38-adb9-abf472fb4a29}</UniqueIdentifier>
    </Filter>
  </ItemGroup>
  <ItemGroup>
    <Text Include="ReadMe.txt" />
    <Text Include="SiteswapGraphReadMe.txt">
      <Filter>Source Files\Graph data processing</Filter>
    </Text>
    <Text Include="DisplayPatternWindowReadMe.txt">
      <Filter>Source Files\wxWidgets elements\Display processing</Filter>
    </Text>
  </ItemGroup>
  <ItemGroup>
    <ClInclude Include="stdafx.h">
      <Filter>Header Files</Filter>
    </ClInclude>
    <ClInclude Include="CircusSimulationApp.h">
      <Filter>Header Files\wxWidgets elements\wxWidgets main elements</Filter>
    </ClInclude>
    <ClInclude Include="CircusSimulationFrame.h">
      <Filter>Header Files\wxWidgets elements\wxWidgets main elements</Filter>
    </ClInclude>
    <ClInclude Include="DisplayPatternWindow.h">
      <Filter>Header Files\wxWidgets elements\Display processing</Filter>
    </ClInclude>
    <ClInclude Include="DisplayJugglingWindow.h">
      <Filter>Header Files\wxWidgets elements\Display processing</Filter>
    </ClInclude>
    <ClInclude Include="BallStatusWindow.h">
      <Filter>Header Files\wxWidgets elements\Custom windows</Filter>
    </ClInclude>
    <ClInclude Include="SiteswapGraph.h">
      <Filter>Header Files\Graph data processing</Filter>
    </ClInclude>
    <ClInclude Include="DisplayPatternHandler.h">
      <Filter>Header Files\Pattern processing</Filter>
    </ClInclude>
    <ClInclude Include="DisplayPattern.h">
      <Filter>Header Files\Pattern processing</Filter>
    </ClInclude>
    <ClInclude Include="DisplayPatternBall.h">
      <Filter>Header Files\Pattern processing</Filter>
    </ClInclude>
    <ClInclude Include="Enum.h">
      <Filter>Header Files\Program maintenance</Filter>
    </ClInclude>
    <ClInclude Include="Functions.h">
      <Filter>Header Files\Program maintenance</Filter>
    </ClInclude>
    <ClInclude Include="Settings.h">
      <Filter>Header Files\Program maintenance</Filter>
    </ClInclude>
    <ClInclude Include="Struct.h">
      <Filter>Header Files\Program maintenance</Filter>
    </ClInclude>
    <ClInclude Include="resource.h">
      <Filter>Header Files\Program maintenance</Filter>
    </ClInclude>
    <ClInclude Include="UIntStore.h">
      <Filter>Header Files\Graph data processing</Filter>
    </ClInclude>
    <ClInclude Include="ChooseGenerator.h">
      <Filter>Header Files\Graph data processing</Filter>
    </ClInclude>
    <ClInclude Include="SiteswapGraphMultiActionHelpers.h">
      <Filter>Header Files\Graph data processing</Filter>
    </ClInclude>
    <ClInclude Include="SiteswapGraphMultiAction.h">
      <Filter>Header Files\Graph data processing</Filter>
    </ClInclude>
    <ClInclude Include="SingleJugglerWindow.h">
      <Filter>Header Files\wxWidgets elements\Custom windows</Filter>
    </ClInclude>
    <ClInclude Include="Direct2dFactory.h">
      <Filter>Header Files\Drawing</Filter>
    </ClInclude>
    <ClInclude Include="GetSingleJugglerPatternsWindow.h">
      <Filter>Header Files\wxWidgets elements\Unclassified</Filter>
    </ClInclude>
    <ClInclude Include="RenderPatternWindow.h">
      <Filter>Header Files\wxWidgets elements\Display processing</Filter>
    </ClInclude>
    <ClInclude Include="PoolJugglers2dWindow.h">
      <Filter>Header Files\wxWidgets elements\Custom windows</Filter>
    </ClInclude>
    <ClInclude Include="SettingsWindow.h">
      <Filter>Header Files\wxWidgets elements\Settings</Filter>
    </ClInclude>
    <ClInclude Include="RandomBallColourSettingsWindow.h">
      <Filter>Header Files\wxWidgets elements\Settings</Filter>
    </ClInclude>
    <ClInclude Include="SettingsEvents.h">
      <Filter>Header Files\wxWidgets elements\Settings</Filter>
    </ClInclude>
    <ClInclude Include="SettingsMappers.h">
      <Filter>Header Files\wxWidgets elements\Settings</Filter>
    </ClInclude>
    <ClInclude Include="SingleJugglerWithRandomColourPicker.h">
      <Filter>Header Files\wxWidgets elements\Full Window Designs</Filter>
    </ClInclude>
    <ClInclude Include="Macro.h">
      <Filter>Header Files\Program maintenance</Filter>
    </ClInclude>
    <ClInclude Include="NumberSitesSettingsWindow.h">
      <Filter>Header Files\wxWidgets elements\Settings</Filter>
    </ClInclude>
    <ClInclude Include="PoolJugglers2dWithNumberSitesPicker.h">
      <Filter>Header Files\wxWidgets elements\Full Window Designs</Filter>
    </ClInclude>
  </ItemGroup>
  <ItemGroup>
    <ClCompile Include="main.cpp">
      <Filter>Source Files</Filter>
    </ClCompile>
    <ClCompile Include="CircusSimulationApp.cpp">
      <Filter>Source Files\wxWidgets elements\wxWidgets main elements</Filter>
    </ClCompile>
    <ClCompile Include="CircusSimulationFrame.cpp">
      <Filter>Source Files\wxWidgets elements\wxWidgets main elements</Filter>
    </ClCompile>
    <ClCompile Include="DisplayPatternWindow.cpp">
      <Filter>Source Files\wxWidgets elements\Display processing</Filter>
    </ClCompile>
    <ClCompile Include="BallStatusWindow.cpp">
      <Filter>Source Files\wxWidgets elements\Custom windows</Filter>
    </ClCompile>
    <ClCompile Include="SiteswapGraph.cpp">
      <Filter>Source Files\Graph data processing</Filter>
    </ClCompile>
    <ClCompile Include="DisplayPatternHandler.cpp">
      <Filter>Source Files\Pattern processing</Filter>
    </ClCompile>
    <ClCompile Include="DisplayPattern.cpp">
      <Filter>Source Files\Pattern processing</Filter>
    </ClCompile>
    <ClCompile Include="DisplayPatternBall.cpp">
      <Filter>Source Files\Pattern processing</Filter>
    </ClCompile>
    <ClCompile Include="Functions.cpp">
      <Filter>Source Files\Program maintenance</Filter>
    </ClCompile>
    <ClCompile Include="Settings.cpp">
      <Filter>Source Files\Program maintenance</Filter>
    </ClCompile>
    <ClCompile Include="Struct.cpp">
      <Filter>Source Files\Program maintenance</Filter>
    </ClCompile>
    <ClCompile Include="UIntStore.cpp">
      <Filter>Source Files\Graph data processing</Filter>
    </ClCompile>
    <ClCompile Include="ChooseGenerator.cpp">
      <Filter>Source Files\Graph data processing</Filter>
    </ClCompile>
    <ClCompile Include="SiteswapGraphMultiActionHelpers.cpp">
      <Filter>Source Files\Graph data processing</Filter>
    </ClCompile>
    <ClCompile Include="SiteswapGraphMultiAction.cpp">
      <Filter>Source Files\Graph data processing</Filter>
    </ClCompile>
    <ClCompile Include="Direct2dFactory.cpp">
      <Filter>Source Files\Drawing</Filter>
    </ClCompile>
    <ClCompile Include="GetSingleJugglerPatternsWindow.cpp">
      <Filter>Source Files\wxWidgets elements\Unclassified</Filter>
    </ClCompile>
    <ClCompile Include="SingleJugglerWindow.cpp">
      <Filter>Source Files\wxWidgets elements\Custom windows</Filter>
    </ClCompile>
    <ClCompile Include="RenderPatternWindow.cpp">
      <Filter>Source Files\wxWidgets elements\Display processing</Filter>
    </ClCompile>
    <ClCompile Include="PoolJugglers2dWindow.cpp">
      <Filter>Source Files\wxWidgets elements\Custom windows</Filter>
    </ClCompile>
    <ClCompile Include="SettingsEvents.cpp">
      <Filter>Source Files\wxWidgets elements\Settings</Filter>
    </ClCompile>
    <ClCompile Include="SettingsMappers.cpp">
      <Filter>Source Files\wxWidgets elements\Settings</Filter>
    </ClCompile>
    <ClCompile Include="RandomBallColourSettingsWindow.cpp">
      <Filter>Source Files\wxWidgets elements\Settings</Filter>
    </ClCompile>
    <ClCompile Include="SingleJugglerWithRandomColourPicker.cpp">
      <Filter>Source Files\wxWidgets elements\Full Window Designs</Filter>
    </ClCompile>
    <ClCompile Include="NumberSitesSettingsWindow.cpp">
      <Filter>Source Files\wxWidgets elements\Settings</Filter>
    </ClCompile>
    <ClCompile Include="PoolJugglers2dWithNumberSitesPicker.cpp">
      <Filter>Source Files\wxWidgets elements\Full Window Designs</Filter>
    </ClCompile>
  </ItemGroup>
  <ItemGroup>
    <ResourceCompile Include="CircusSimulation.rc">
      <Filter>Resource Files</Filter>
    </ResourceCompile>
  </ItemGroup>
</Project>